
Microsoft Visual Studio Solution File, Format Version 12.00
# Visual Studio Version 16
VisualStudioVersion = 16.0.29806.167
MinimumVisualStudioVersion = 10.0.40219.1
Project("{FAE04EC0-301F-11D3-BF4B-00C04F79EFBC}") = "RecipeApp", "RecipeApp\RecipeApp.csproj", "{B1858DB6-E887-4258-9B3D-79244D53DC46}"
EndProject
Global
	GlobalSection(SolutionConfigurationPlatforms) = preSolution
		Debug|Any CPU = Debug|Any CPU
		Release|Any CPU = Release|Any CPU
	EndGlobalSection
	GlobalSection(ProjectConfigurationPlatforms) = postSolution
		{B1858DB6-E887-4258-9B3D-79244D53DC46}.Debug|Any CPU.ActiveCfg = Debug|Any CPU
		{B1858DB6-E887-4258-9B3D-79244D53DC46}.Debug|Any CPU.Build.0 = Debug|Any CPU
		{B1858DB6-E887-4258-9B3D-79244D53DC46}.Release|Any CPU.ActiveCfg = Release|Any CPU
		{B1858DB6-E887-4258-9B3D-79244D53DC46}.Release|Any CPU.Build.0 = Release|Any CPU
	EndGlobalSection
	GlobalSection(SolutionProperties) = preSolution
		HideSolutionNode = FALSE
	EndGlobalSection
	GlobalSection(ExtensibilityGlobals) = postSolution
		SolutionGuid = {6B786B16-8BFB-4A61-8A9E-91F6FDD183D4}
	EndGlobalSection
EndGlobal
